
Microsoft Visual Studio Solution File, Format Version 12.00
# Visual Studio Version 17
VisualStudioVersion = 17.11.35222.181
MinimumVisualStudioVersion = 10.0.40219.1
Project("{FAE04EC0-301F-11D3-BF4B-00C04F79EFBC}") = "Игра (Сбеги из дома)", "Игра (Сбеги из дома).csproj", "{BD4087A6-0D24-482E-9636-97592A043CDA}"
EndProject
Global
	GlobalSection(SolutionConfigurationPlatforms) = preSolution
		Debug|Any CPU = Debug|Any CPU
		Release|Any CPU = Release|Any CPU
	EndGlobalSection
	GlobalSection(ProjectConfigurationPlatforms) = postSolution
		{BD4087A6-0D24-482E-9636-97592A043CDA}.Debug|Any CPU.ActiveCfg = Debug|Any CPU
		{BD4087A6-0D24-482E-9636-97592A043CDA}.Debug|Any CPU.Build.0 = Debug|Any CPU
		{BD4087A6-0D24-482E-9636-97592A043CDA}.Release|Any CPU.ActiveCfg = Release|Any CPU
		{BD4087A6-0D24-482E-9636-97592A043CDA}.Release|Any CPU.Build.0 = Release|Any CPU
	EndGlobalSection
	GlobalSection(SolutionProperties) = preSolution
		HideSolutionNode = FALSE
	EndGlobalSection
	GlobalSection(ExtensibilityGlobals) = postSolution
		SolutionGuid = {3CB0F9F0-4F1E-4487-A30A-37CFFA2C70D5}
	EndGlobalSection
EndGlobal
